{
  "name": "sprint-ui",
  "version": "1.0.0",
  "lockfileVersion": 3,
  "requires": true,
  "packages": {
    "": {
      "name": "sprint-ui",
      "version": "1.0.0",
      "license": "ISC",
      "dependencies": {
        "sprint": "^0.3.1"
      }
    },
    "node_modules/sprint": {
      "version": "0.3.1",
      "resolved": "https://registry.npmjs.org/sprint/-/sprint-0.3.1.tgz",
      "integrity": "sha512-CIrKmerL+dfm2/GbtFl1Xqv+JOisFajhWk77u14loQ+lNo7xXI7DrzyihQkS4enj1+H3RtGxe9+SWUCjeqgnpg==",
      "engines": {
        "node": "*"
      }
    }
  }
}
